{
  "name": "v",
  "version": "0.4.36",
  "lockfileVersion": 3,
  "requires": true,
  "packages": {
    "": {
      "name": "v",
      "version": "0.4.36",
      "license": "ISC",
      "workspaces": [
        "pacakages/server"
      ]
    },
    "node_modules/server": {
      "resolved": "pacakages/server",
      "link": true
    },
    "pacakages/server": {
      "version": "0.4.36",
      "license": "ISC"
    }
  }
}
