{
  "name": "v",
  "version": "0.4.7",
  "lockfileVersion": 3,
  "requires": true,
  "packages": {
    "": {
      "name": "v",
      "version": "0.4.7",
      "license": "MIT",
      "dependencies": {
        "typecript": "^0.0.1-security",
        "v": "file:.."
      }
    },
    "..": {
      "version": "0.4.67",
      "license": "MIT",
      "workspaces": [
        "server"
      ],
      "dependencies": {
        "fastify": "^4.15.0"
      },
      "devDependencies": {
        "@types/pg": "^8.6.6"
      }
    },
    "node_modules/typecript": {
      "version": "0.0.1-security",
      "resolved": "https://registry.npmjs.org/typecript/-/typecript-0.0.1-security.tgz",
      "integrity": "sha512-88WUWdO0zl/cC+X44m7TJkNssn0sTwZOSAyZu7ZmY6BfGJ4idVWJGjFmd6wEjS3yhWUYrAszzNMHZMIJ7h3ycg=="
    },
    "node_modules/v": {
      "resolved": "..",
      "link": true
    }
  }
}
